// !$*UTF8*$!
{
	archiveVersion = 1;
	classes = {
	};
	objectVersion = 56;
	objects = {

/* Begin PBXBuildFile section */
		6055BF482B5C8D24003E47BC /* LandmarksApp.swift in Sources */ = {isa = PBXBuildFile; fileRef = 6055BF472B5C8D24003E47BC /* LandmarksApp.swift */; };
		6055BF4A2B5C8D24003E47BC /* ContentView.swift in Sources */ = {isa = PBXBuildFile; fileRef = 6055BF492B5C8D24003E47BC /* ContentView.swift */; };
		6055BF4C2B5C8D26003E47BC /* Assets.xcassets in Resources */ = {isa = PBXBuildFile; fileRef = 6055BF4B2B5C8D26003E47BC /* Assets.xcassets */; };
		6055BF4F2B5C8D26003E47BC /* Preview Assets.xcassets in Resources */ = {isa = PBXBuildFile; fileRef = 6055BF4E2B5C8D26003E47BC /* Preview Assets.xcassets */; };
		6055BF592B5C8D27003E47BC /* LandmarksTests.swift in Sources */ = {isa = PBXBuildFile; fileRef = 6055BF582B5C8D27003E47BC /* LandmarksTests.swift */; };
		6055BF632B5C8D27003E47BC /* LandmarksUITests.swift in Sources */ = {isa = PBXBuildFile; fileRef = 6055BF622B5C8D27003E47BC /* LandmarksUITests.swift */; };
		6055BF652B5C8D27003E47BC /* LandmarksUITestsLaunchTests.swift in Sources */ = {isa = PBXBuildFile; fileRef = 6055BF642B5C8D27003E47BC /* LandmarksUITestsLaunchTests.swift */; };
		6055BF722B5C954D003E47BC /* CircleImage.swift in Sources */ = {isa = PBXBuildFile; fileRef = 6055BF712B5C954D003E47BC /* CircleImage.swift */; };
		6055BF742B5C95EE003E47BC /* MapView.swift in Sources */ = {isa = PBXBuildFile; fileRef = 6055BF732B5C95EE003E47BC /* MapView.swift */; };
		6055BF762B5C99E5003E47BC /* landmarkData.json in Resources */ = {isa = PBXBuildFile; fileRef = 6055BF752B5C99E5003E47BC /* landmarkData.json */; };
		6055BF782B5C99F9003E47BC /* Landmark.swift in Sources */ = {isa = PBXBuildFile; fileRef = 6055BF772B5C99F9003E47BC /* Landmark.swift */; };
		6055BF7A2B5C9ACD003E47BC /* ModelData.swift in Sources */ = {isa = PBXBuildFile; fileRef = 6055BF792B5C9ACD003E47BC /* ModelData.swift */; };
		6055BF802B5C9CBB003E47BC /* LandmarkRow.swift in Sources */ = {isa = PBXBuildFile; fileRef = 6055BF7F2B5C9CBB003E47BC /* LandmarkRow.swift */; };
		6055BF822B5C9DE9003E47BC /* LandmarkList.swift in Sources */ = {isa = PBXBuildFile; fileRef = 6055BF812B5C9DE9003E47BC /* LandmarkList.swift */; };
		6055BF842B5C9ECE003E47BC /* LandmarkDetail.swift in Sources */ = {isa = PBXBuildFile; fileRef = 6055BF832B5C9ECE003E47BC /* LandmarkDetail.swift */; };
		609E20C62B5D676D0006565A /* FavoriteButton.swift in Sources */ = {isa = PBXBuildFile; fileRef = 609E20C52B5D676D0006565A /* FavoriteButton.swift */; };
/* End PBXBuildFile section */

/* Begin PBXContainerItemProxy section */
		6055BF552B5C8D27003E47BC /* PBXContainerItemProxy */ = {
			isa = PBXContainerItemProxy;
			containerPortal = 6055BF3C2B5C8D23003E47BC /* Project object */;
			proxyType = 1;
			remoteGlobalIDString = 6055BF432B5C8D24003E47BC;
			remoteInfo = Landmarks;
		};
		6055BF5F2B5C8D27003E47BC /* PBXContainerItemProxy */ = {
			isa = PBXContainerItemProxy;
			containerPortal = 6055BF3C2B5C8D23003E47BC /* Project object */;
			proxyType = 1;
			remoteGlobalIDString = 6055BF432B5C8D24003E47BC;
			remoteInfo = Landmarks;
		};
/* End PBXContainerItemProxy section */

/* Begin PBXFileReference section */
		6055BF442B5C8D24003E47BC /* Landmarks.app */ = {isa = PBXFileReference; explicitFileType = wrapper.application; includeInIndex = 0; path = Landmarks.app; sourceTree = BUILT_PRODUCTS_DIR; };
		6055BF472B5C8D24003E47BC /* LandmarksApp.swift */ = {isa = PBXFileReference; lastKnownFileType = sourcecode.swift; path = LandmarksApp.swift; sourceTree = "<group>"; };
		6055BF492B5C8D24003E47BC /* ContentView.swift */ = {isa = PBXFileReference; lastKnownFileType = sourcecode.swift; path = ContentView.swift; sourceTree = "<group>"; };
		6055BF4B2B5C8D26003E47BC /* Assets.xcassets */ = {isa = PBXFileReference; lastKnownFileType = folder.assetcatalog; path = Assets.xcassets; sourceTree = "<group>"; };
		6055BF4E2B5C8D26003E47BC /* Preview Assets.xcassets */ = {isa = PBXFileReference; lastKnownFileType = folder.assetcatalog; path = "Preview Assets.xcassets"; sourceTree = "<group>"; };
		6055BF542B5C8D27003E47BC /* LandmarksTests.xctest */ = {isa = PBXFileReference; explicitFileType = wrapper.cfbundle; includeInIndex = 0; path = LandmarksTests.xctest; sourceTree = BUILT_PRODUCTS_DIR; };
		6055BF582B5C8D27003E47BC /* LandmarksTests.swift */ = {isa = PBXFileReference; lastKnownFileType = sourcecode.swift; path = LandmarksTests.swift; sourceTree = "<group>"; };
		6055BF5E2B5C8D27003E47BC /* LandmarksUITests.xctest */ = {isa = PBXFileReference; explicitFileType = wrapper.cfbundle; includeInIndex = 0; path = LandmarksUITests.xctest; sourceTree = BUILT_PRODUCTS_DIR; };
		6055BF622B5C8D27003E47BC /* LandmarksUITests.swift */ = {isa = PBXFileReference; lastKnownFileType = sourcecode.swift; path = LandmarksUITests.swift; sourceTree = "<group>"; };
		6055BF642B5C8D27003E47BC /* LandmarksUITestsLaunchTests.swift */ = {isa = PBXFileReference; lastKnownFileType = sourcecode.swift; path = LandmarksUITestsLaunchTests.swift; sourceTree = "<group>"; };
		6055BF712B5C954D003E47BC /* CircleImage.swift */ = {isa = PBXFileReference; lastKnownFileType = sourcecode.swift; path = CircleImage.swift; sourceTree = "<group>"; };
		6055BF732B5C95EE003E47BC /* MapView.swift */ = {isa = PBXFileReference; lastKnownFileType = sourcecode.swift; path = MapView.swift; sourceTree = "<group>"; };
		6055BF752B5C99E5003E47BC /* landmarkData.json */ = {isa = PBXFileReference; fileEncoding = 4; lastKnownFileType = text.json; path = landmarkData.json; sourceTree = "<group>"; };
		6055BF772B5C99F9003E47BC /* Landmark.swift */ = {isa = PBXFileReference; lastKnownFileType = sourcecode.swift; path = Landmark.swift; sourceTree = "<group>"; };
		6055BF792B5C9ACD003E47BC /* ModelData.swift */ = {isa = PBXFileReference; lastKnownFileType = sourcecode.swift; path = ModelData.swift; sourceTree = "<group>"; };
		6055BF7F2B5C9CBB003E47BC /* LandmarkRow.swift */ = {isa = PBXFileReference; lastKnownFileType = sourcecode.swift; path = LandmarkRow.swift; sourceTree = "<group>"; };
		6055BF812B5C9DE9003E47BC /* LandmarkList.swift */ = {isa = PBXFileReference; lastKnownFileType = sourcecode.swift; path = LandmarkList.swift; sourceTree = "<group>"; };
		6055BF832B5C9ECE003E47BC /* LandmarkDetail.swift */ = {isa = PBXFileReference; lastKnownFileType = sourcecode.swift; path = LandmarkDetail.swift; sourceTree = "<group>"; };
		609E20C52B5D676D0006565A /* FavoriteButton.swift */ = {isa = PBXFileReference; lastKnownFileType = sourcecode.swift; path = FavoriteButton.swift; sourceTree = "<group>"; };
/* End PBXFileReference section */

/* Begin PBXFrameworksBuildPhase section */
		6055BF412B5C8D24003E47BC /* Frameworks */ = {
			isa = PBXFrameworksBuildPhase;
			buildActionMask = 2147483647;
			files = (
			);
			runOnlyForDeploymentPostprocessing = 0;
		};
		6055BF512B5C8D27003E47BC /* Frameworks */ = {
			isa = PBXFrameworksBuildPhase;
			buildActionMask = 2147483647;
			files = (
			);
			runOnlyForDeploymentPostprocessing = 0;
		};
		6055BF5B2B5C8D27003E47BC /* Frameworks */ = {
			isa = PBXFrameworksBuildPhase;
			buildActionMask = 2147483647;
			files = (
			);
			runOnlyForDeploymentPostprocessing = 0;
		};
/* End PBXFrameworksBuildPhase section */

/* Begin PBXGroup section */
		6055BF3B2B5C8D23003E47BC = {
			isa = PBXGroup;
			children = (
				6055BF7E2B5C9C47003E47BC /* Resources */,
				6055BF7D2B5C9C2A003E47BC /* Model */,
				6055BF7B2B5C9C0A003E47BC /* Views */,
				6055BF462B5C8D24003E47BC /* Landmarks */,
				6055BF572B5C8D27003E47BC /* LandmarksTests */,
				6055BF612B5C8D27003E47BC /* LandmarksUITests */,
				6055BF452B5C8D24003E47BC /* Products */,
			);
			sourceTree = "<group>";
		};
		6055BF452B5C8D24003E47BC /* Products */ = {
			isa = PBXGroup;
			children = (
				6055BF442B5C8D24003E47BC /* Landmarks.app */,
				6055BF542B5C8D27003E47BC /* LandmarksTests.xctest */,
				6055BF5E2B5C8D27003E47BC /* LandmarksUITests.xctest */,
			);
			name = Products;
			sourceTree = "<group>";
		};
		6055BF462B5C8D24003E47BC /* Landmarks */ = {
			isa = PBXGroup;
			children = (
				6055BF472B5C8D24003E47BC /* LandmarksApp.swift */,
				6055BF4B2B5C8D26003E47BC /* Assets.xcassets */,
				6055BF4D2B5C8D26003E47BC /* Preview Content */,
			);
			path = Landmarks;
			sourceTree = "<group>";
		};
		6055BF4D2B5C8D26003E47BC /* Preview Content */ = {
			isa = PBXGroup;
			children = (
				6055BF4E2B5C8D26003E47BC /* Preview Assets.xcassets */,
			);
			path = "Preview Content";
			sourceTree = "<group>";
		};
		6055BF572B5C8D27003E47BC /* LandmarksTests */ = {
			isa = PBXGroup;
			children = (
				6055BF582B5C8D27003E47BC /* LandmarksTests.swift */,
			);
			path = LandmarksTests;
			sourceTree = "<group>";
		};
		6055BF612B5C8D27003E47BC /* LandmarksUITests */ = {
			isa = PBXGroup;
			children = (
				6055BF622B5C8D27003E47BC /* LandmarksUITests.swift */,
				6055BF642B5C8D27003E47BC /* LandmarksUITestsLaunchTests.swift */,
			);
			path = LandmarksUITests;
			sourceTree = "<group>";
		};
		6055BF7B2B5C9C0A003E47BC /* Views */ = {
			isa = PBXGroup;
			children = (
				609E20C82B5D68170006565A /* Landmark */,
				609E20C72B5D68080006565A /* Helper */,
				6055BF492B5C8D24003E47BC /* ContentView.swift */,
			);
			path = Views;
			sourceTree = "<group>";
		};
		6055BF7D2B5C9C2A003E47BC /* Model */ = {
			isa = PBXGroup;
			children = (
				6055BF772B5C99F9003E47BC /* Landmark.swift */,
				6055BF792B5C9ACD003E47BC /* ModelData.swift */,
			);
			path = Model;
			sourceTree = "<group>";
		};
		6055BF7E2B5C9C47003E47BC /* Resources */ = {
			isa = PBXGroup;
			children = (
				6055BF752B5C99E5003E47BC /* landmarkData.json */,
			);
			path = Resources;
			sourceTree = "<group>";
		};
		609E20C72B5D68080006565A /* Helper */ = {
			isa = PBXGroup;
			children = (
				6055BF712B5C954D003E47BC /* CircleImage.swift */,
				6055BF732B5C95EE003E47BC /* MapView.swift */,
				609E20C52B5D676D0006565A /* FavoriteButton.swift */,
			);
			path = Helper;
			sourceTree = "<group>";
		};
		609E20C82B5D68170006565A /* Landmark */ = {
			isa = PBXGroup;
			children = (
				6055BF7F2B5C9CBB003E47BC /* LandmarkRow.swift */,
				6055BF812B5C9DE9003E47BC /* LandmarkList.swift */,
				6055BF832B5C9ECE003E47BC /* LandmarkDetail.swift */,
			);
			path = Landmark;
			sourceTree = "<group>";
		};
/* End PBXGroup section */

/* Begin PBXNativeTarget section */
		6055BF432B5C8D24003E47BC /* Landmarks */ = {
			isa = PBXNativeTarget;
			buildConfigurationList = 6055BF682B5C8D27003E47BC /* Build configuration list for PBXNativeTarget "Landmarks" */;
			buildPhases = (
				6055BF402B5C8D24003E47BC /* Sources */,
				6055BF412B5C8D24003E47BC /* Frameworks */,
				6055BF422B5C8D24003E47BC /* Resources */,
			);
			buildRules = (
			);
			dependencies = (
			);
			name = Landmarks;
			productName = Landmarks;
			productReference = 6055BF442B5C8D24003E47BC /* Landmarks.app */;
			productType = "com.apple.product-type.application";
		};
		6055BF532B5C8D27003E47BC /* LandmarksTests */ = {
			isa = PBXNativeTarget;
			buildConfigurationList = 6055BF6B2B5C8D27003E47BC /* Build configuration list for PBXNativeTarget "LandmarksTests" */;
			buildPhases = (
				6055BF502B5C8D27003E47BC /* Sources */,
				6055BF512B5C8D27003E47BC /* Frameworks */,
				6055BF522B5C8D27003E47BC /* Resources */,
			);
			buildRules = (
			);
			dependencies = (
				6055BF562B5C8D27003E47BC /* PBXTargetDependency */,
			);
			name = LandmarksTests;
			productName = LandmarksTests;
			productReference = 6055BF542B5C8D27003E47BC /* LandmarksTests.xctest */;
			productType = "com.apple.product-type.bundle.unit-test";
		};
		6055BF5D2B5C8D27003E47BC /* LandmarksUITests */ = {
			isa = PBXNativeTarget;
			buildConfigurationList = 6055BF6E2B5C8D27003E47BC /* Build configuration list for PBXNativeTarget "LandmarksUITests" */;
			buildPhases = (
				6055BF5A2B5C8D27003E47BC /* Sources */,
				6055BF5B2B5C8D27003E47BC /* Frameworks */,
				6055BF5C2B5C8D27003E47BC /* Resources */,
			);
			buildRules = (
			);
			dependencies = (
				6055BF602B5C8D27003E47BC /* PBXTargetDependency */,
			);
			name = LandmarksUITests;
			productName = LandmarksUITests;
			productReference = 6055BF5E2B5C8D27003E47BC /* LandmarksUITests.xctest */;
			productType = "com.apple.product-type.bundle.ui-testing";
		};
/* End PBXNativeTarget section */

/* Begin PBXProject section */
		6055BF3C2B5C8D23003E47BC /* Project object */ = {
			isa = PBXProject;
			attributes = {
				BuildIndependentTargetsInParallel = 1;
				LastSwiftUpdateCheck = 1520;
				LastUpgradeCheck = 1520;
				TargetAttributes = {
					6055BF432B5C8D24003E47BC = {
						CreatedOnToolsVersion = 15.2;
					};
					6055BF532B5C8D27003E47BC = {
						CreatedOnToolsVersion = 15.2;
						TestTargetID = 6055BF432B5C8D24003E47BC;
					};
					6055BF5D2B5C8D27003E47BC = {
						CreatedOnToolsVersion = 15.2;
						TestTargetID = 6055BF432B5C8D24003E47BC;
					};
				};
			};
			buildConfigurationList = 6055BF3F2B5C8D24003E47BC /* Build configuration list for PBXProject "Landmarks" */;
			compatibilityVersion = "Xcode 14.0";
			developmentRegion = en;
			hasScannedForEncodings = 0;
			knownRegions = (
				en,
				Base,
			);
			mainGroup = 6055BF3B2B5C8D23003E47BC;
			productRefGroup = 6055BF452B5C8D24003E47BC /* Products */;
			projectDirPath = "";
			projectRoot = "";
			targets = (
				6055BF432B5C8D24003E47BC /* Landmarks */,
				6055BF532B5C8D27003E47BC /* LandmarksTests */,
				6055BF5D2B5C8D27003E47BC /* LandmarksUITests */,
			);
		};
/* End PBXProject section */

/* Begin PBXResourcesBuildPhase section */
		6055BF422B5C8D24003E47BC /* Resources */ = {
			isa = PBXResourcesBuildPhase;
			buildActionMask = 2147483647;
			files = (
				6055BF4F2B5C8D26003E47BC /* Preview Assets.xcassets in Resources */,
				6055BF4C2B5C8D26003E47BC /* Assets.xcassets in Resources */,
				6055BF762B5C99E5003E47BC /* landmarkData.json in Resources */,
			);
			runOnlyForDeploymentPostprocessing = 0;
		};
		6055BF522B5C8D27003E47BC /* Resources */ = {
			isa = PBXResourcesBuildPhase;
			buildActionMask = 2147483647;
			files = (
			);
			runOnlyForDeploymentPostprocessing = 0;
		};
		6055BF5C2B5C8D27003E47BC /* Resources */ = {
			isa = PBXResourcesBuildPhase;
			buildActionMask = 2147483647;
			files = (
			);
			runOnlyForDeploymentPostprocessing = 0;
		};
/* End PBXResourcesBuildPhase section */

/* Begin PBXSourcesBuildPhase section */
		6055BF402B5C8D24003E47BC /* Sources */ = {
			isa = PBXSourcesBuildPhase;
			buildActionMask = 2147483647;
			files = (
				6055BF4A2B5C8D24003E47BC /* ContentView.swift in Sources */,
				6055BF742B5C95EE003E47BC /* MapView.swift in Sources */,
				6055BF482B5C8D24003E47BC /* LandmarksApp.swift in Sources */,
				609E20C62B5D676D0006565A /* FavoriteButton.swift in Sources */,
				6055BF822B5C9DE9003E47BC /* LandmarkList.swift in Sources */,
				6055BF842B5C9ECE003E47BC /* LandmarkDetail.swift in Sources */,
				6055BF722B5C954D003E47BC /* CircleImage.swift in Sources */,
				6055BF782B5C99F9003E47BC /* Landmark.swift in Sources */,
				6055BF802B5C9CBB003E47BC /* LandmarkRow.swift in Sources */,
				6055BF7A2B5C9ACD003E47BC /* ModelData.swift in Sources */,
			);
			runOnlyForDeploymentPostprocessing = 0;
		};
		6055BF502B5C8D27003E47BC /* Sources */ = {
			isa = PBXSourcesBuildPhase;
			buildActionMask = 2147483647;
			files = (
				6055BF592B5C8D27003E47BC /* LandmarksTests.swift in Sources */,
			);
			runOnlyForDeploymentPostprocessing = 0;
		};
		6055BF5A2B5C8D27003E47BC /* Sources */ = {
			isa = PBXSourcesBuildPhase;
			buildActionMask = 2147483647;
			files = (
				6055BF652B5C8D27003E47BC /* LandmarksUITestsLaunchTests.swift in Sources */,
				6055BF632B5C8D27003E47BC /* LandmarksUITests.swift in Sources */,
			);
			runOnlyForDeploymentPostprocessing = 0;
		};
/* End PBXSourcesBuildPhase section */

/* Begin PBXTargetDependency section */
		6055BF562B5C8D27003E47BC /* PBXTargetDependency */ = {
			isa = PBXTargetDependency;
			target = 6055BF432B5C8D24003E47BC /* Landmarks */;
			targetProxy = 6055BF552B5C8D27003E47BC /* PBXContainerItemProxy */;
		};
		6055BF602B5C8D27003E47BC /* PBXTargetDependency */ = {
			isa = PBXTargetDependency;
			target = 6055BF432B5C8D24003E47BC /* Landmarks */;
			targetProxy = 6055BF5F2B5C8D27003E47BC /* PBXContainerItemProxy */;
		};
/* End PBXTargetDependency section */

/* Begin XCBuildConfiguration section */
		6055BF662B5C8D27003E47BC /* Debug */ = {
			isa = XCBuildConfiguration;
			buildSettings = {
				ALWAYS_SEARCH_USER_PATHS = NO;
				ASSETCATALOG_COMPILER_GENERATE_SWIFT_ASSET_SYMBOL_EXTENSIONS = YES;
				CLANG_ANALYZER_NONNULL = YES;
				CLANG_ANALYZER_NUMBER_OBJECT_CONVERSION = YES_AGGRESSIVE;
				CLANG_CXX_LANGUAGE_STANDARD = "gnu++20";
				CLANG_ENABLE_MODULES = YES;
				CLANG_ENABLE_OBJC_ARC = YES;
				CLANG_ENABLE_OBJC_WEAK = YES;
				CLANG_WARN_BLOCK_CAPTURE_AUTORELEASING = YES;
				CLANG_WARN_BOOL_CONVERSION = YES;
				CLANG_WARN_COMMA = YES;
				CLANG_WARN_CONSTANT_CONVERSION = YES;
				CLANG_WARN_DEPRECATED_OBJC_IMPLEMENTATIONS = YES;
				CLANG_WARN_DIRECT_OBJC_ISA_USAGE = YES_ERROR;
				CLANG_WARN_DOCUMENTATION_COMMENTS = YES;
				CLANG_WARN_EMPTY_BODY = YES;
				CLANG_WARN_ENUM_CONVERSION = YES;
				CLANG_WARN_INFINITE_RECURSION = YES;
				CLANG_WARN_INT_CONVERSION = YES;
				CLANG_WARN_NON_LITERAL_NULL_CONVERSION = YES;
				CLANG_WARN_OBJC_IMPLICIT_RETAIN_SELF = YES;
				CLANG_WARN_OBJC_LITERAL_CONVERSION = YES;
				CLANG_WARN_OBJC_ROOT_CLASS = YES_ERROR;
				CLANG_WARN_QUOTED_INCLUDE_IN_FRAMEWORK_HEADER = YES;
				CLANG_WARN_RANGE_LOOP_ANALYSIS = YES;
				CLANG_WARN_STRICT_PROTOTYPES = YES;
				CLANG_WARN_SUSPICIOUS_MOVE = YES;
				CLANG_WARN_UNGUARDED_AVAILABILITY = YES_AGGRESSIVE;
				CLANG_WARN_UNREACHABLE_CODE = YES;
				CLANG_WARN__DUPLICATE_METHOD_MATCH = YES;
				COPY_PHASE_STRIP = NO;
				DEBUG_INFORMATION_FORMAT = dwarf;
				ENABLE_STRICT_OBJC_MSGSEND = YES;
				ENABLE_TESTABILITY = YES;
				ENABLE_USER_SCRIPT_SANDBOXING = YES;
				GCC_C_LANGUAGE_STANDARD = gnu17;
				GCC_DYNAMIC_NO_PIC = NO;
				GCC_NO_COMMON_BLOCKS = YES;
				GCC_OPTIMIZATION_LEVEL = 0;
				GCC_PREPROCESSOR_DEFINITIONS = (
					"DEBUG=1",
					"$(inherited)",
				);
				GCC_WARN_64_TO_32_BIT_CONVERSION = YES;
				GCC_WARN_ABOUT_RETURN_TYPE = YES_ERROR;
				GCC_WARN_UNDECLARED_SELECTOR = YES;
				GCC_WARN_UNINITIALIZED_AUTOS = YES_AGGRESSIVE;
				GCC_WARN_UNUSED_FUNCTION = YES;
				GCC_WARN_UNUSED_VARIABLE = YES;
				IPHONEOS_DEPLOYMENT_TARGET = 17.2;
				LOCALIZATION_PREFERS_STRING_CATALOGS = YES;
				MTL_ENABLE_DEBUG_INFO = INCLUDE_SOURCE;
				MTL_FAST_MATH = YES;
				ONLY_ACTIVE_ARCH = YES;
				SDKROOT = iphoneos;
				SWIFT_ACTIVE_COMPILATION_CONDITIONS = "DEBUG $(inherited)";
				SWIFT_OPTIMIZATION_LEVEL = "-Onone";
			};
			name = Debug;
		};
		6055BF672B5C8D27003E47BC /* Release */ = {
			isa = XCBuildConfiguration;
			buildSettings = {
				ALWAYS_SEARCH_USER_PATHS = NO;
				ASSETCATALOG_COMPILER_GENERATE_SWIFT_ASSET_SYMBOL_EXTENSIONS = YES;
				CLANG_ANALYZER_NONNULL = YES;
				CLANG_ANALYZER_NUMBER_OBJECT_CONVERSION = YES_AGGRESSIVE;
				CLANG_CXX_LANGUAGE_STANDARD = "gnu++20";
				CLANG_ENABLE_MODULES = YES;
				CLANG_ENABLE_OBJC_ARC = YES;
				CLANG_ENABLE_OBJC_WEAK = YES;
				CLANG_WARN_BLOCK_CAPTURE_AUTORELEASING = YES;
				CLANG_WARN_BOOL_CONVERSION = YES;
				CLANG_WARN_COMMA = YES;
				CLANG_WARN_CONSTANT_CONVERSION = YES;
				CLANG_WARN_DEPRECATED_OBJC_IMPLEMENTATIONS = YES;
				CLANG_WARN_DIRECT_OBJC_ISA_USAGE = YES_ERROR;
				CLANG_WARN_DOCUMENTATION_COMMENTS = YES;
				CLANG_WARN_EMPTY_BODY = YES;
				CLANG_WARN_ENUM_CONVERSION = YES;
				CLANG_WARN_INFINITE_RECURSION = YES;
				CLANG_WARN_INT_CONVERSION = YES;
				CLANG_WARN_NON_LITERAL_NULL_CONVERSION = YES;
				CLANG_WARN_OBJC_IMPLICIT_RETAIN_SELF = YES;
				CLANG_WARN_OBJC_LITERAL_CONVERSION = YES;
				CLANG_WARN_OBJC_ROOT_CLASS = YES_ERROR;
				CLANG_WARN_QUOTED_INCLUDE_IN_FRAMEWORK_HEADER = YES;
				CLANG_WARN_RANGE_LOOP_ANALYSIS = YES;
				CLANG_WARN_STRICT_PROTOTYPES = YES;
				CLANG_WARN_SUSPICIOUS_MOVE = YES;
				CLANG_WARN_UNGUARDED_AVAILABILITY = YES_AGGRESSIVE;
				CLANG_WARN_UNREACHABLE_CODE = YES;
				CLANG_WARN__DUPLICATE_METHOD_MATCH = YES;
				COPY_PHASE_STRIP = NO;
				DEBUG_INFORMATION_FORMAT = "dwarf-with-dsym";
				ENABLE_NS_ASSERTIONS = NO;
				ENABLE_STRICT_OBJC_MSGSEND = YES;
				ENABLE_USER_SCRIPT_SANDBOXING = YES;
				GCC_C_LANGUAGE_STANDARD = gnu17;
				GCC_NO_COMMON_BLOCKS = YES;
				GCC_WARN_64_TO_32_BIT_CONVERSION = YES;
				GCC_WARN_ABOUT_RETURN_TYPE = YES_ERROR;
				GCC_WARN_UNDECLARED_SELECTOR = YES;
				GCC_WARN_UNINITIALIZED_AUTOS = YES_AGGRESSIVE;
				GCC_WARN_UNUSED_FUNCTION = YES;
				GCC_WARN_UNUSED_VARIABLE = YES;
				IPHONEOS_DEPLOYMENT_TARGET = 17.2;
				LOCALIZATION_PREFERS_STRING_CATALOGS = YES;
				MTL_ENABLE_DEBUG_INFO = NO;
				MTL_FAST_MATH = YES;
				SDKROOT = iphoneos;
				SWIFT_COMPILATION_MODE = wholemodule;
				VALIDATE_PRODUCT = YES;
			};
			name = Release;
		};
		6055BF692B5C8D27003E47BC /* Debug */ = {
			isa = XCBuildConfiguration;
			buildSettings = {
				ASSETCATALOG_COMPILER_APPICON_NAME = AppIcon;
				ASSETCATALOG_COMPILER_GLOBAL_ACCENT_COLOR_NAME = AccentColor;
				CODE_SIGN_STYLE = Automatic;
				CURRENT_PROJECT_VERSION = 1;
				DEVELOPMENT_ASSET_PATHS = "\"Landmarks/Preview Content\"";
				DEVELOPMENT_TEAM = FHFU6VH6VY;
				ENABLE_PREVIEWS = YES;
				GENERATE_INFOPLIST_FILE = YES;
				INFOPLIST_KEY_UIApplicationSceneManifest_Generation = YES;
				INFOPLIST_KEY_UIApplicationSupportsIndirectInputEvents = YES;
				INFOPLIST_KEY_UILaunchScreen_Generation = YES;
				INFOPLIST_KEY_UISupportedInterfaceOrientations_iPad = "UIInterfaceOrientationPortrait UIInterfaceOrientationPortraitUpsideDown UIInterfaceOrientationLandscapeLeft UIInterfaceOrientationLandscapeRight";
				INFOPLIST_KEY_UISupportedInterfaceOrientations_iPhone = "UIInterfaceOrientationPortrait UIInterfaceOrientationLandscapeLeft UIInterfaceOrientationLandscapeRight";
				LD_RUNPATH_SEARCH_PATHS = (
					"$(inherited)",
					"@executable_path/Frameworks",
				);
				MARKETING_VERSION = 1.0;
				PRODUCT_BUNDLE_IDENTIFIER = dev.PickleLab.Landmarks;
				PRODUCT_NAME = "$(TARGET_NAME)";
				SWIFT_EMIT_LOC_STRINGS = YES;
				SWIFT_VERSION = 5.0;
				TARGETED_DEVICE_FAMILY = "1,2";
			};
			name = Debug;
		};
		6055BF6A2B5C8D27003E47BC /* Release */ = {
			isa = XCBuildConfiguration;
			buildSettings = {
				ASSETCATALOG_COMPILER_APPICON_NAME = AppIcon;
				ASSETCATALOG_COMPILER_GLOBAL_ACCENT_COLOR_NAME = AccentColor;
				CODE_SIGN_STYLE = Automatic;
				CURRENT_PROJECT_VERSION = 1;
				DEVELOPMENT_ASSET_PATHS = "\"Landmarks/Preview Content\"";
				DEVELOPMENT_TEAM = FHFU6VH6VY;
				ENABLE_PREVIEWS = YES;
				GENERATE_INFOPLIST_FILE = YES;
				INFOPLIST_KEY_UIApplicationSceneManifest_Generation = YES;
				INFOPLIST_KEY_UIApplicationSupportsIndirectInputEvents = YES;
				INFOPLIST_KEY_UILaunchScreen_Generation = YES;
				INFOPLIST_KEY_UISupportedInterfaceOrientations_iPad = "UIInterfaceOrientationPortrait UIInterfaceOrientationPortraitUpsideDown UIInterfaceOrientationLandscapeLeft UIInterfaceOrientationLandscapeRight";
				INFOPLIST_KEY_UISupportedInterfaceOrientations_iPhone = "UIInterfaceOrientationPortrait UIInterfaceOrientationLandscapeLeft UIInterfaceOrientationLandscapeRight";
				LD_RUNPATH_SEARCH_PATHS = (
					"$(inherited)",
					"@executable_path/Frameworks",
				);
				MARKETING_VERSION = 1.0;
				PRODUCT_BUNDLE_IDENTIFIER = dev.PickleLab.Landmarks;
				PRODUCT_NAME = "$(TARGET_NAME)";
				SWIFT_EMIT_LOC_STRINGS = YES;
				SWIFT_VERSION = 5.0;
				TARGETED_DEVICE_FAMILY = "1,2";
			};
			name = Release;
		};
		6055BF6C2B5C8D27003E47BC /* Debug */ = {
			isa = XCBuildConfiguration;
			buildSettings = {
				ALWAYS_EMBED_SWIFT_STANDARD_LIBRARIES = YES;
				BUNDLE_LOADER = "$(TEST_HOST)";
				CODE_SIGN_STYLE = Automatic;
				CURRENT_PROJECT_VERSION = 1;
				GENERATE_INFOPLIST_FILE = YES;
				IPHONEOS_DEPLOYMENT_TARGET = 17.2;
				MARKETING_VERSION = 1.0;
				PRODUCT_BUNDLE_IDENTIFIER = dev.PickleLab.LandmarksTests;
				PRODUCT_NAME = "$(TARGET_NAME)";
				SWIFT_EMIT_LOC_STRINGS = NO;
				SWIFT_VERSION = 5.0;
				TARGETED_DEVICE_FAMILY = "1,2";
				TEST_HOST = "$(BUILT_PRODUCTS_DIR)/Landmarks.app/$(BUNDLE_EXECUTABLE_FOLDER_PATH)/Landmarks";
			};
			name = Debug;
		};
		6055BF6D2B5C8D27003E47BC /* Release */ = {
			isa = XCBuildConfiguration;
			buildSettings = {
				ALWAYS_EMBED_SWIFT_STANDARD_LIBRARIES = YES;
				BUNDLE_LOADER = "$(TEST_HOST)";
				CODE_SIGN_STYLE = Automatic;
				CURRENT_PROJECT_VERSION = 1;
				GENERATE_INFOPLIST_FILE = YES;
				IPHONEOS_DEPLOYMENT_TARGET = 17.2;
				MARKETING_VERSION = 1.0;
				PRODUCT_BUNDLE_IDENTIFIER = dev.PickleLab.LandmarksTests;
				PRODUCT_NAME = "$(TARGET_NAME)";
				SWIFT_EMIT_LOC_STRINGS = NO;
				SWIFT_VERSION = 5.0;
				TARGETED_DEVICE_FAMILY = "1,2";
				TEST_HOST = "$(BUILT_PRODUCTS_DIR)/Landmarks.app/$(BUNDLE_EXECUTABLE_FOLDER_PATH)/Landmarks";
			};
			name = Release;
		};
		6055BF6F2B5C8D27003E47BC /* Debug */ = {
			isa = XCBuildConfiguration;
			buildSettings = {
				ALWAYS_EMBED_SWIFT_STANDARD_LIBRARIES = YES;
				CODE_SIGN_STYLE = Automatic;
				CURRENT_PROJECT_VERSION = 1;
				GENERATE_INFOPLIST_FILE = YES;
				MARKETING_VERSION = 1.0;
				PRODUCT_BUNDLE_IDENTIFIER = dev.PickleLab.LandmarksUITests;
				PRODUCT_NAME = "$(TARGET_NAME)";
				SWIFT_EMIT_LOC_STRINGS = NO;
				SWIFT_VERSION = 5.0;
				TARGETED_DEVICE_FAMILY = "1,2";
				TEST_TARGET_NAME = Landmarks;
			};
			name = Debug;
		};
		6055BF702B5C8D27003E47BC /* Release */ = {
			isa = XCBuildConfiguration;
			buildSettings = {
				ALWAYS_EMBED_SWIFT_STANDARD_LIBRARIES = YES;
				CODE_SIGN_STYLE = Automatic;
				CURRENT_PROJECT_VERSION = 1;
				GENERATE_INFOPLIST_FILE = YES;
				MARKETING_VERSION = 1.0;
				PRODUCT_BUNDLE_IDENTIFIER = dev.PickleLab.LandmarksUITests;
				PRODUCT_NAME = "$(TARGET_NAME)";
				SWIFT_EMIT_LOC_STRINGS = NO;
				SWIFT_VERSION = 5.0;
				TARGETED_DEVICE_FAMILY = "1,2";
				TEST_TARGET_NAME = Landmarks;
			};
			name = Release;
		};
/* End XCBuildConfiguration section */

/* Begin XCConfigurationList section */
		6055BF3F2B5C8D24003E47BC /* Build configuration list for PBXProject "Landmarks" */ = {
			isa = XCConfigurationList;
			buildConfigurations = (
				6055BF662B5C8D27003E47BC /* Debug */,
				6055BF672B5C8D27003E47BC /* Release */,
			);
			defaultConfigurationIsVisible = 0;
			defaultConfigurationName = Release;
		};
		6055BF682B5C8D27003E47BC /* Build configuration list for PBXNativeTarget "Landmarks" */ = {
			isa = XCConfigurationList;
			buildConfigurations = (
				6055BF692B5C8D27003E47BC /* Debug */,
				6055BF6A2B5C8D27003E47BC /* Release */,
			);
			defaultConfigurationIsVisible = 0;
			defaultConfigurationName = Release;
		};
		6055BF6B2B5C8D27003E47BC /* Build configuration list for PBXNativeTarget "LandmarksTests" */ = {
			isa = XCConfigurationList;
			buildConfigurations = (
				6055BF6C2B5C8D27003E47BC /* Debug */,
				6055BF6D2B5C8D27003E47BC /* Release */,
			);
			defaultConfigurationIsVisible = 0;
			defaultConfigurationName = Release;
		};
		6055BF6E2B5C8D27003E47BC /* Build configuration list for PBXNativeTarget "LandmarksUITests" */ = {
			isa = XCConfigurationList;
			buildConfigurations = (
				6055BF6F2B5C8D27003E47BC /* Debug */,
				6055BF702B5C8D27003E47BC /* Release */,
			);
			defaultConfigurationIsVisible = 0;
			defaultConfigurationName = Release;
		};
/* End XCConfigurationList section */
	};
	rootObject = 6055BF3C2B5C8D23003E47BC /* Project object */;
}
